
Microsoft Visual Studio Solution File, Format Version 12.00
# Visual Studio Version 16
VisualStudioVersion = 16.0.30406.217
MinimumVisualStudioVersion = 10.0.40219.1
Project("{F2A71F9B-5D33-465A-A702-920D77279786}") = "GCL Parser", "GCL Parser\GCL Parser.fsproj", "{7348F193-8CA3-4E24-A6E0-DE60F34BD688}"
EndProject
Global
	GlobalSection(SolutionConfigurationPlatforms) = preSolution
		Debug|Any CPU = Debug|Any CPU
		Release|Any CPU = Release|Any CPU
	EndGlobalSection
	GlobalSection(ProjectConfigurationPlatforms) = postSolution
		{7348F193-8CA3-4E24-A6E0-DE60F34BD688}.Debug|Any CPU.ActiveCfg = Debug|Any CPU
		{7348F193-8CA3-4E24-A6E0-DE60F34BD688}.Debug|Any CPU.Build.0 = Debug|Any CPU
		{7348F193-8CA3-4E24-A6E0-DE60F34BD688}.Release|Any CPU.ActiveCfg = Release|Any CPU
		{7348F193-8CA3-4E24-A6E0-DE60F34BD688}.Release|Any CPU.Build.0 = Release|Any CPU
	EndGlobalSection
	GlobalSection(SolutionProperties) = preSolution
		HideSolutionNode = FALSE
	EndGlobalSection
	GlobalSection(ExtensibilityGlobals) = postSolution
		SolutionGuid = {B6D8725D-1A1E-4044-BEFB-48FCAAA13185}
	EndGlobalSection
EndGlobal
